// !$*UTF8*$!
{
	archiveVersion = 1;
	classes = {
	};
	objectVersion = 77;
	objects = {

/* Begin PBXBuildFile section */
		15FE4B3D303720C9004AC7D5 /* DriverKit.framework in Frameworks */ = {isa = PBXBuildFile; fileRef = 15FE4B3C303720C9004AC7D5 /* DriverKit.framework */; };
		BB0000000000000000000008 /* net.quantum-bit.TrackerPreDriver.dext in Embed System Extensions */ = {isa = PBXBuildFile; fileRef = 15FE4B39303720C9004AC7D5 /* net.quantum-bit.TrackerPreDriver.dext */; settings = {ATTRIBUTES = (RemoveHeadersOnCopy, ); }; };
/* End PBXBuildFile section */

/* Begin PBXFileReference section */
		15FE4B39303720C9004AC7D5 /* net.quantum-bit.TrackerPreDriver.dext */ = {isa = PBXFileReference; explicitFileType = "wrapper.driver-extension"; includeInIndex = 0; path = "net.quantum-bit.TrackerPreDriver.dext"; sourceTree = BUILT_PRODUCTS_DIR; };
		15FE4B3C303720C9004AC7D5 /* DriverKit.framework */ = {isa = PBXFileReference; lastKnownFileType = wrapper.framework; name = DriverKit.framework; path = Library/Frameworks/DriverKit.framework; sourceTree = DEVELOPER_DIR; };
		BB0000000000000000000001 /* TrackerPreHost.app */ = {isa = PBXFileReference; explicitFileType = wrapper.application; includeInIndex = 0; path = TrackerPreHost.app; sourceTree = BUILT_PRODUCTS_DIR; };
/* End PBXFileReference section */

/* Begin PBXFileSystemSynchronizedBuildFileExceptionSet section */
		15FE4B44303720C9004AC7D5 /* Exceptions for "TrackerPreDriver" folder in "TrackerPreDriver" target */ = {
			isa = PBXFileSystemSynchronizedBuildFileExceptionSet;
			membershipExceptions = (
				Info.plist,
				TrackerPreDriver.entitlements,
			);
			target = 15FE4B38303720C9004AC7D5 /* TrackerPreDriver */;
		};
		BB000000000000000000000E /* Exceptions for "TrackerPreHost" folder in "TrackerPreHost" target */ = {
			isa = PBXFileSystemSynchronizedBuildFileExceptionSet;
			membershipExceptions = (
				TrackerPreHost.entitlements,
			);
			target = BB0000000000000000000003 /* TrackerPreHost */;
		};
/* End PBXFileSystemSynchronizedBuildFileExceptionSet section */

/* Begin PBXFileSystemSynchronizedRootGroup section */
		15FE4B3E303720C9004AC7D5 /* TrackerPreDriver */ = {
			isa = PBXFileSystemSynchronizedRootGroup;
			exceptions = (
				15FE4B44303720C9004AC7D5 /* Exceptions for "TrackerPreDriver" folder in "TrackerPreDriver" target */,
			);
			path = TrackerPreDriver;
			sourceTree = "<group>";
		};
		BB0000000000000000000002 /* TrackerPreHost */ = {
			isa = PBXFileSystemSynchronizedRootGroup;
			exceptions = (
				BB000000000000000000000E /* Exceptions for "TrackerPreHost" folder in "TrackerPreHost" target */,
			);
			path = TrackerPreHost;
			sourceTree = "<group>";
		};
/* End PBXFileSystemSynchronizedRootGroup section */

/* Begin PBXFrameworksBuildPhase section */
		15FE4B36303720C9004AC7D5 /* Frameworks */ = {
			isa = PBXFrameworksBuildPhase;
			buildActionMask = 2147483647;
			files = (
				15FE4B3D303720C9004AC7D5 /* DriverKit.framework in Frameworks */,
			);
			runOnlyForDeploymentPostprocessing = 0;
		};
		BB0000000000000000000005 /* Frameworks */ = {
			isa = PBXFrameworksBuildPhase;
			buildActionMask = 2147483647;
			files = (
			);
			runOnlyForDeploymentPostprocessing = 0;
		};
/* End PBXFrameworksBuildPhase section */

/* Begin PBXCopyFilesBuildPhase section */
		BB0000000000000000000007 /* Embed System Extensions */ = {
			isa = PBXCopyFilesBuildPhase;
			buildActionMask = 2147483647;
			dstPath = "Contents/Library/SystemExtensions";
			dstSubfolderSpec = 1;
			files = (
				BB0000000000000000000008 /* net.quantum-bit.TrackerPreDriver.dext in Embed System Extensions */,
			);
			name = "Embed System Extensions";
			runOnlyForDeploymentPostprocessing = 0;
		};
/* End PBXCopyFilesBuildPhase section */

/* Begin PBXGroup section */
		15FE4B2F303720C9004AC7D5 = {
			isa = PBXGroup;
			children = (
				15FE4B3E303720C9004AC7D5 /* TrackerPreDriver */,
				BB0000000000000000000002 /* TrackerPreHost */,
				15FE4B3B303720C9004AC7D5 /* Frameworks */,
				15FE4B3A303720C9004AC7D5 /* Products */,
			);
			sourceTree = "<group>";
		};
		15FE4B3A303720C9004AC7D5 /* Products */ = {
			isa = PBXGroup;
			children = (
				15FE4B39303720C9004AC7D5 /* net.quantum-bit.TrackerPreDriver.dext */,
				BB0000000000000000000001 /* TrackerPreHost.app */,
			);
			name = Products;
			sourceTree = "<group>";
		};
		15FE4B3B303720C9004AC7D5 /* Frameworks */ = {
			isa = PBXGroup;
			children = (
				15FE4B3C303720C9004AC7D5 /* DriverKit.framework */,
			);
			name = Frameworks;
			sourceTree = "<group>";
		};
/* End PBXGroup section */

/* Begin PBXHeadersBuildPhase section */
		15FE4B34303720C9004AC7D5 /* Headers */ = {
			isa = PBXHeadersBuildPhase;
			buildActionMask = 2147483647;
			files = (
			);
			runOnlyForDeploymentPostprocessing = 0;
		};
/* End PBXHeadersBuildPhase section */

/* Begin PBXNativeTarget section */
		15FE4B38303720C9004AC7D5 /* TrackerPreDriver */ = {
			isa = PBXNativeTarget;
			buildConfigurationList = 15FE4B45303720C9004AC7D5 /* Build configuration list for PBXNativeTarget "TrackerPreDriver" */;
			buildPhases = (
				15FE4B34303720C9004AC7D5 /* Headers */,
				15FE4B35303720C9004AC7D5 /* Sources */,
				15FE4B36303720C9004AC7D5 /* Frameworks */,
				15FE4B37303720C9004AC7D5 /* Resources */,
			);
			buildRules = (
			);
			dependencies = (
			);
			fileSystemSynchronizedGroups = (
				15FE4B3E303720C9004AC7D5 /* TrackerPreDriver */,
			);
			name = TrackerPreDriver;
			packageProductDependencies = (
			);
			productName = TrackerPreDriver;
			productReference = 15FE4B39303720C9004AC7D5 /* net.quantum-bit.TrackerPreDriver.dext */;
			productType = "com.apple.product-type.driver-extension";
		};
		BB0000000000000000000003 /* TrackerPreHost */ = {
			isa = PBXNativeTarget;
			buildConfigurationList = BB000000000000000000000D /* Build configuration list for PBXNativeTarget "TrackerPreHost" */;
			buildPhases = (
				BB0000000000000000000004 /* Sources */,
				BB0000000000000000000005 /* Frameworks */,
				BB0000000000000000000006 /* Resources */,
				BB0000000000000000000007 /* Embed System Extensions */,
			);
			buildRules = (
			);
			dependencies = (
				BB000000000000000000000A /* PBXTargetDependency */,
			);
			fileSystemSynchronizedGroups = (
				BB0000000000000000000002 /* TrackerPreHost */,
			);
			name = TrackerPreHost;
			packageProductDependencies = (
			);
			productName = TrackerPreHost;
			productReference = BB0000000000000000000001 /* TrackerPreHost.app */;
			productType = "com.apple.product-type.application";
		};
/* End PBXNativeTarget section */

/* Begin PBXContainerItemProxy section */
		BB0000000000000000000009 /* PBXContainerItemProxy */ = {
			isa = PBXContainerItemProxy;
			containerPortal = 15FE4B30303720C9004AC7D5 /* Project object */;
			proxyType = 1;
			remoteGlobalIDString = 15FE4B38303720C9004AC7D5;
			remoteInfo = TrackerPreDriver;
		};
/* End PBXContainerItemProxy section */

/* Begin PBXTargetDependency section */
		BB000000000000000000000A /* PBXTargetDependency */ = {
			isa = PBXTargetDependency;
			target = 15FE4B38303720C9004AC7D5 /* TrackerPreDriver */;
			targetProxy = BB0000000000000000000009 /* PBXContainerItemProxy */;
		};
/* End PBXTargetDependency section */

/* Begin PBXProject section */
		15FE4B30303720C9004AC7D5 /* Project object */ = {
			isa = PBXProject;
			attributes = {
				BuildIndependentTargetsInParallel = 1;
				LastUpgradeCheck = 2650;
				TargetAttributes = {
					15FE4B38303720C9004AC7D5 = {
						CreatedOnToolsVersion = 26.5;
					};
					BB0000000000000000000003 = {
						CreatedOnToolsVersion = 26.5;
					};
				};
			};
			buildConfigurationList = 15FE4B33303720C9004AC7D5 /* Build configuration list for PBXProject "TrackerPreDriver" */;
			developmentRegion = en;
			hasScannedForEncodings = 0;
			knownRegions = (
				en,
				Base,
			);
			mainGroup = 15FE4B2F303720C9004AC7D5;
			minimizedProjectReferenceProxies = 1;
			preferredProjectObjectVersion = 77;
			productRefGroup = 15FE4B3A303720C9004AC7D5 /* Products */;
			projectDirPath = "";
			projectRoot = "";
			targets = (
				BB0000000000000000000003 /* TrackerPreHost */,
				15FE4B38303720C9004AC7D5 /* TrackerPreDriver */,
			);
		};
/* End PBXProject section */

/* Begin PBXResourcesBuildPhase section */
		15FE4B37303720C9004AC7D5 /* Resources */ = {
			isa = PBXResourcesBuildPhase;
			buildActionMask = 2147483647;
			files = (
			);
			runOnlyForDeploymentPostprocessing = 0;
		};
		BB0000000000000000000006 /* Resources */ = {
			isa = PBXResourcesBuildPhase;
			buildActionMask = 2147483647;
			files = (
			);
			runOnlyForDeploymentPostprocessing = 0;
		};
/* End PBXResourcesBuildPhase section */

/* Begin PBXSourcesBuildPhase section */
		15FE4B35303720C9004AC7D5 /* Sources */ = {
			isa = PBXSourcesBuildPhase;
			buildActionMask = 2147483647;
			files = (
			);
			runOnlyForDeploymentPostprocessing = 0;
		};
		BB0000000000000000000004 /* Sources */ = {
			isa = PBXSourcesBuildPhase;
			buildActionMask = 2147483647;
			files = (
			);
			runOnlyForDeploymentPostprocessing = 0;
		};
/* End PBXSourcesBuildPhase section */

/* Begin XCBuildConfiguration section */
		15FE4B46303720C9004AC7D5 /* Debug */ = {
			isa = XCBuildConfiguration;
			buildSettings = {
				ARCHS = arm64;
				CODE_SIGN_ENTITLEMENTS = TrackerPreDriver/TrackerPreDriver.entitlements;
				CODE_SIGN_STYLE = Automatic;
				CURRENT_PROJECT_VERSION = 1;
				DEVELOPMENT_TEAM = T59L53M882;
				GENERATE_INFOPLIST_FILE = YES;
				INFOPLIST_FILE = TrackerPreDriver/Info.plist;
				LIBRARY_SEARCH_PATHS = (
					"$(inherited)",
					"$(SRCROOT)/../rust-spike/target/aarch64-apple-driverkit/release",
				);
				MARKETING_VERSION = 1.0;
				OTHER_LDFLAGS = (
					"$(inherited)",
					"-ldriverkit_rust_probe",
				);
				PRODUCT_BUNDLE_IDENTIFIER = "net.quantum-bit.TrackerPreDriver";
				PRODUCT_NAME = "$(inherited)";
				RUN_CLANG_STATIC_ANALYZER = YES;
				SKIP_INSTALL = YES;
				STRING_CATALOG_GENERATE_SYMBOLS = YES;
				SWIFT_EMIT_LOC_STRINGS = YES;
			};
			name = Debug;
		};
		15FE4B47303720C9004AC7D5 /* Release */ = {
			isa = XCBuildConfiguration;
			buildSettings = {
				ARCHS = arm64;
				CODE_SIGN_ENTITLEMENTS = TrackerPreDriver/TrackerPreDriver.entitlements;
				CODE_SIGN_STYLE = Automatic;
				CURRENT_PROJECT_VERSION = 1;
				DEVELOPMENT_TEAM = T59L53M882;
				GENERATE_INFOPLIST_FILE = YES;
				INFOPLIST_FILE = TrackerPreDriver/Info.plist;
				LIBRARY_SEARCH_PATHS = (
					"$(inherited)",
					"$(SRCROOT)/../rust-spike/target/aarch64-apple-driverkit/release",
				);
				MARKETING_VERSION = 1.0;
				OTHER_LDFLAGS = (
					"$(inherited)",
					"-ldriverkit_rust_probe",
				);
				PRODUCT_BUNDLE_IDENTIFIER = "net.quantum-bit.TrackerPreDriver";
				PRODUCT_NAME = "$(inherited)";
				RUN_CLANG_STATIC_ANALYZER = YES;
				SKIP_INSTALL = YES;
				STRING_CATALOG_GENERATE_SYMBOLS = YES;
				SWIFT_EMIT_LOC_STRINGS = YES;
			};
			name = Release;
		};
		15FE4B48303720C9004AC7D5 /* Debug */ = {
			isa = XCBuildConfiguration;
			buildSettings = {
				ALWAYS_SEARCH_USER_PATHS = NO;
				ASSETCATALOG_COMPILER_GENERATE_SWIFT_ASSET_SYMBOL_EXTENSIONS = YES;
				CLANG_ANALYZER_NONNULL = YES;
				CLANG_ANALYZER_NUMBER_OBJECT_CONVERSION = YES_AGGRESSIVE;
				CLANG_CXX_LANGUAGE_STANDARD = "gnu++20";
				CLANG_ENABLE_MODULES = YES;
				CLANG_ENABLE_OBJC_ARC = YES;
				CLANG_ENABLE_OBJC_WEAK = YES;
				CLANG_WARN_BLOCK_CAPTURE_AUTORELEASING = YES;
				CLANG_WARN_BOOL_CONVERSION = YES;
				CLANG_WARN_COMMA = YES;
				CLANG_WARN_CONSTANT_CONVERSION = YES;
				CLANG_WARN_DEPRECATED_OBJC_IMPLEMENTATIONS = YES;
				CLANG_WARN_DIRECT_OBJC_ISA_USAGE = YES_ERROR;
				CLANG_WARN_DOCUMENTATION_COMMENTS = YES;
				CLANG_WARN_EMPTY_BODY = YES;
				CLANG_WARN_ENUM_CONVERSION = YES;
				CLANG_WARN_INFINITE_RECURSION = YES;
				CLANG_WARN_INT_CONVERSION = YES;
				CLANG_WARN_NON_LITERAL_NULL_CONVERSION = YES;
				CLANG_WARN_OBJC_IMPLICIT_RETAIN_SELF = YES;
				CLANG_WARN_OBJC_LITERAL_CONVERSION = YES;
				CLANG_WARN_OBJC_ROOT_CLASS = YES_ERROR;
				CLANG_WARN_QUOTED_INCLUDE_IN_FRAMEWORK_HEADER = YES;
				CLANG_WARN_RANGE_LOOP_ANALYSIS = YES;
				CLANG_WARN_STRICT_PROTOTYPES = YES;
				CLANG_WARN_SUSPICIOUS_MOVE = YES;
				CLANG_WARN_UNGUARDED_AVAILABILITY = YES_AGGRESSIVE;
				CLANG_WARN_UNREACHABLE_CODE = YES;
				CLANG_WARN__DUPLICATE_METHOD_MATCH = YES;
				COPY_PHASE_STRIP = NO;
				DEBUG_INFORMATION_FORMAT = dwarf;
				DEVELOPMENT_TEAM = T59L53M882;
				DRIVERKIT_DEPLOYMENT_TARGET = 25.5;
				ENABLE_STRICT_OBJC_MSGSEND = YES;
				ENABLE_TESTABILITY = YES;
				ENABLE_USER_SCRIPT_SANDBOXING = YES;
				GCC_C_LANGUAGE_STANDARD = gnu17;
				GCC_DYNAMIC_NO_PIC = NO;
				GCC_NO_COMMON_BLOCKS = YES;
				GCC_OPTIMIZATION_LEVEL = 0;
				GCC_PREPROCESSOR_DEFINITIONS = (
					"DEBUG=1",
					"$(inherited)",
				);
				GCC_WARN_64_TO_32_BIT_CONVERSION = YES;
				GCC_WARN_ABOUT_RETURN_TYPE = YES_ERROR;
				GCC_WARN_UNDECLARED_SELECTOR = YES;
				GCC_WARN_UNINITIALIZED_AUTOS = YES_AGGRESSIVE;
				GCC_WARN_UNUSED_FUNCTION = YES;
				GCC_WARN_UNUSED_VARIABLE = YES;
				LOCALIZATION_PREFERS_STRING_CATALOGS = YES;
				MTL_ENABLE_DEBUG_INFO = INCLUDE_SOURCE;
				MTL_FAST_MATH = YES;
				ONLY_ACTIVE_ARCH = YES;
				SDKROOT = driverkit;
			};
			name = Debug;
		};
		15FE4B49303720C9004AC7D5 /* Release */ = {
			isa = XCBuildConfiguration;
			buildSettings = {
				ALWAYS_SEARCH_USER_PATHS = NO;
				ASSETCATALOG_COMPILER_GENERATE_SWIFT_ASSET_SYMBOL_EXTENSIONS = YES;
				CLANG_ANALYZER_NONNULL = YES;
				CLANG_ANALYZER_NUMBER_OBJECT_CONVERSION = YES_AGGRESSIVE;
				CLANG_CXX_LANGUAGE_STANDARD = "gnu++20";
				CLANG_ENABLE_MODULES = YES;
				CLANG_ENABLE_OBJC_ARC = YES;
				CLANG_ENABLE_OBJC_WEAK = YES;
				CLANG_WARN_BLOCK_CAPTURE_AUTORELEASING = YES;
				CLANG_WARN_BOOL_CONVERSION = YES;
				CLANG_WARN_COMMA = YES;
				CLANG_WARN_CONSTANT_CONVERSION = YES;
				CLANG_WARN_DEPRECATED_OBJC_IMPLEMENTATIONS = YES;
				CLANG_WARN_DIRECT_OBJC_ISA_USAGE = YES_ERROR;
				CLANG_WARN_DOCUMENTATION_COMMENTS = YES;
				CLANG_WARN_EMPTY_BODY = YES;
				CLANG_WARN_ENUM_CONVERSION = YES;
				CLANG_WARN_INFINITE_RECURSION = YES;
				CLANG_WARN_INT_CONVERSION = YES;
				CLANG_WARN_NON_LITERAL_NULL_CONVERSION = YES;
				CLANG_WARN_OBJC_IMPLICIT_RETAIN_SELF = YES;
				CLANG_WARN_OBJC_LITERAL_CONVERSION = YES;
				CLANG_WARN_OBJC_ROOT_CLASS = YES_ERROR;
				CLANG_WARN_QUOTED_INCLUDE_IN_FRAMEWORK_HEADER = YES;
				CLANG_WARN_RANGE_LOOP_ANALYSIS = YES;
				CLANG_WARN_STRICT_PROTOTYPES = YES;
				CLANG_WARN_SUSPICIOUS_MOVE = YES;
				CLANG_WARN_UNGUARDED_AVAILABILITY = YES_AGGRESSIVE;
				CLANG_WARN_UNREACHABLE_CODE = YES;
				CLANG_WARN__DUPLICATE_METHOD_MATCH = YES;
				COPY_PHASE_STRIP = NO;
				DEBUG_INFORMATION_FORMAT = "dwarf-with-dsym";
				DEVELOPMENT_TEAM = T59L53M882;
				DRIVERKIT_DEPLOYMENT_TARGET = 25.5;
				ENABLE_NS_ASSERTIONS = NO;
				ENABLE_STRICT_OBJC_MSGSEND = YES;
				ENABLE_USER_SCRIPT_SANDBOXING = YES;
				GCC_C_LANGUAGE_STANDARD = gnu17;
				GCC_NO_COMMON_BLOCKS = YES;
				GCC_WARN_64_TO_32_BIT_CONVERSION = YES;
				GCC_WARN_ABOUT_RETURN_TYPE = YES_ERROR;
				GCC_WARN_UNDECLARED_SELECTOR = YES;
				GCC_WARN_UNINITIALIZED_AUTOS = YES_AGGRESSIVE;
				GCC_WARN_UNUSED_FUNCTION = YES;
				GCC_WARN_UNUSED_VARIABLE = YES;
				LOCALIZATION_PREFERS_STRING_CATALOGS = YES;
				MTL_ENABLE_DEBUG_INFO = NO;
				MTL_FAST_MATH = YES;
				SDKROOT = driverkit;
			};
			name = Release;
		};
		BB000000000000000000000B /* Debug */ = {
			isa = XCBuildConfiguration;
			buildSettings = {
				ASSETCATALOG_COMPILER_APPICON_NAME = AppIcon;
				CODE_SIGN_ENTITLEMENTS = TrackerPreHost/TrackerPreHost.entitlements;
				CODE_SIGN_STYLE = Automatic;
				COMBINE_HIDPI_IMAGES = YES;
				CURRENT_PROJECT_VERSION = 1;
				DEVELOPMENT_TEAM = T59L53M882;
				ENABLE_HARDENED_RUNTIME = YES;
				GENERATE_INFOPLIST_FILE = YES;
				INFOPLIST_KEY_NSHumanReadableCopyright = "";
				LD_RUNPATH_SEARCH_PATHS = (
					"$(inherited)",
					"@executable_path/../Frameworks",
				);
				MACOSX_DEPLOYMENT_TARGET = 14.0;
				MARKETING_VERSION = 1.0;
				PRODUCT_BUNDLE_IDENTIFIER = "net.quantum-bit.TrackerPreHost";
				PRODUCT_NAME = "$(TARGET_NAME)";
				SDKROOT = macosx;
				SKIP_INSTALL = NO;
				SWIFT_EMIT_LOC_STRINGS = YES;
				SWIFT_VERSION = 5.0;
			};
			name = Debug;
		};
		BB000000000000000000000C /* Release */ = {
			isa = XCBuildConfiguration;
			buildSettings = {
				ASSETCATALOG_COMPILER_APPICON_NAME = AppIcon;
				CODE_SIGN_ENTITLEMENTS = TrackerPreHost/TrackerPreHost.entitlements;
				CODE_SIGN_STYLE = Automatic;
				COMBINE_HIDPI_IMAGES = YES;
				CURRENT_PROJECT_VERSION = 1;
				DEVELOPMENT_TEAM = T59L53M882;
				ENABLE_HARDENED_RUNTIME = YES;
				GENERATE_INFOPLIST_FILE = YES;
				INFOPLIST_KEY_NSHumanReadableCopyright = "";
				LD_RUNPATH_SEARCH_PATHS = (
					"$(inherited)",
					"@executable_path/../Frameworks",
				);
				MACOSX_DEPLOYMENT_TARGET = 14.0;
				MARKETING_VERSION = 1.0;
				PRODUCT_BUNDLE_IDENTIFIER = "net.quantum-bit.TrackerPreHost";
				PRODUCT_NAME = "$(TARGET_NAME)";
				SDKROOT = macosx;
				SKIP_INSTALL = NO;
				SWIFT_EMIT_LOC_STRINGS = YES;
				SWIFT_VERSION = 5.0;
			};
			name = Release;
		};
/* End XCBuildConfiguration section */

/* Begin XCConfigurationList section */
		15FE4B33303720C9004AC7D5 /* Build configuration list for PBXProject "TrackerPreDriver" */ = {
			isa = XCConfigurationList;
			buildConfigurations = (
				15FE4B48303720C9004AC7D5 /* Debug */,
				15FE4B49303720C9004AC7D5 /* Release */,
			);
			defaultConfigurationIsVisible = 0;
			defaultConfigurationName = Release;
		};
		15FE4B45303720C9004AC7D5 /* Build configuration list for PBXNativeTarget "TrackerPreDriver" */ = {
			isa = XCConfigurationList;
			buildConfigurations = (
				15FE4B46303720C9004AC7D5 /* Debug */,
				15FE4B47303720C9004AC7D5 /* Release */,
			);
			defaultConfigurationIsVisible = 0;
			defaultConfigurationName = Release;
		};
		BB000000000000000000000D /* Build configuration list for PBXNativeTarget "TrackerPreHost" */ = {
			isa = XCConfigurationList;
			buildConfigurations = (
				BB000000000000000000000B /* Debug */,
				BB000000000000000000000C /* Release */,
			);
			defaultConfigurationIsVisible = 0;
			defaultConfigurationName = Release;
		};
/* End XCConfigurationList section */
	};
	rootObject = 15FE4B30303720C9004AC7D5 /* Project object */;
}
